
Microsoft Visual Studio Solution File, Format Version 12.00
# Visual Studio Version 16
VisualStudioVersion = 16.0.30709.64
MinimumVisualStudioVersion = 10.0.40219.1
Project("{2150E333-8FDC-42A3-9474-1A3956D46DE8}") = "src", "src", "{6C483673-8B45-4B51-AB9E-0DEFDDCF796C}"
EndProject
Project("{9A19103F-16F7-4668-BE54-9A1E7A4F7556}") = "Helpo", "src\Helpo\Helpo.csproj", "{7ED1B6EE-7715-4CE0-8D56-B84D1AA64305}"
EndProject
Project("{2150E333-8FDC-42A3-9474-1A3956D46DE8}") = "solution items", "solution items", "{BDE267F6-B60F-4061-B144-EDDE453C5364}"
ProjectSection(SolutionItems) = preProject
	.gitignore = .gitignore
	README.md = README.md
EndProjectSection
EndProject
Project("{2150E333-8FDC-42A3-9474-1A3956D46DE8}") = ".github", ".github", "{75AB577B-587E-4D03-8905-6825194B4843}"
EndProject
Project("{2150E333-8FDC-42A3-9474-1A3956D46DE8}") = "workflows", "workflows", "{12DEF3E8-C710-4369-8B18-AFB37055264E}"
ProjectSection(SolutionItems) = preProject
	.github\workflows\cd.yml = .github\workflows\cd.yml
EndProjectSection
EndProject
Global
	GlobalSection(SolutionConfigurationPlatforms) = preSolution
		Debug|Any CPU = Debug|Any CPU
		Release|Any CPU = Release|Any CPU
	EndGlobalSection
	GlobalSection(ProjectConfigurationPlatforms) = postSolution
		{7ED1B6EE-7715-4CE0-8D56-B84D1AA64305}.Debug|Any CPU.ActiveCfg = Debug|Any CPU
		{7ED1B6EE-7715-4CE0-8D56-B84D1AA64305}.Debug|Any CPU.Build.0 = Debug|Any CPU
		{7ED1B6EE-7715-4CE0-8D56-B84D1AA64305}.Release|Any CPU.ActiveCfg = Release|Any CPU
		{7ED1B6EE-7715-4CE0-8D56-B84D1AA64305}.Release|Any CPU.Build.0 = Release|Any CPU
	EndGlobalSection
	GlobalSection(SolutionProperties) = preSolution
		HideSolutionNode = FALSE
	EndGlobalSection
	GlobalSection(NestedProjects) = preSolution
		{7ED1B6EE-7715-4CE0-8D56-B84D1AA64305} = {6C483673-8B45-4B51-AB9E-0DEFDDCF796C}
		{12DEF3E8-C710-4369-8B18-AFB37055264E} = {75AB577B-587E-4D03-8905-6825194B4843}
	EndGlobalSection
	GlobalSection(ExtensibilityGlobals) = postSolution
		SolutionGuid = {E4358EEE-C48F-4E52-ACB5-65604928F4C1}
	EndGlobalSection
EndGlobal
